schema: '2.0'
stages:
  generate:
    cmd: ./gen.py > schema.json
    deps:
    - path: gen.py
      md5: efb0a465d94a16365e9654a470bd7ef2
      size: 5597
    outs:
    - path: schema.json
      md5: d2e598efee4b54b6460956edb662a9e4
      size: 11638
  check_updated:
    cmd: ./gen.py | diff schema.json -
    deps:
    - path: schema.json
      md5: d2e598efee4b54b6460956edb662a9e4
      size: 11638
  tests:
    cmd: pytest -vv tests.py
    deps:
    - path: schema.json
      md5: d2e598efee4b54b6460956edb662a9e4
      size: 11638
