schema: '2.0'
stages:
  generate:
    cmd:
    - ./gen.py | diff schema.json -
    - ./gen.py > schema.json
    deps:
    - path: gen.py
      md5: e13feb792bc0090de39e13e399cf2fe6
      size: 7676
    outs:
    - path: schema.json
      md5: 5b91fbeeac456ff9688edb402ad34996
      size: 13515
  tests:
    cmd: pytest
    deps:
    - path: schema.json
      md5: 5b91fbeeac456ff9688edb402ad34996
      size: 13515
    - path: tests.py
      md5: 03e27b2e5a5d174e9d4998b2ca0c4e36
      size: 856
  pylint:
    cmd: pylint gen.py tests.py
    deps:
    - path: gen.py
      md5: e13feb792bc0090de39e13e399cf2fe6
      size: 7676
    - path: tests.py
      md5: 03e27b2e5a5d174e9d4998b2ca0c4e36
      size: 856
