schema: '2.0'
stages:
  generate:
    cmd:
    - ./gen.py | diff schema.json -
    - ./gen.py > schema.json
    deps:
    - path: gen.py
      md5: 51343fbc02c5d3b8e06194153a4812e3
      size: 8087
    outs:
    - path: schema.json
      md5: d053ff3955261739561101afed69bc8c
      size: 15102
  tests:
    cmd: pytest
    deps:
    - path: schema.json
      md5: d053ff3955261739561101afed69bc8c
      size: 15102
    - path: tests.py
      md5: ac4774d0d7fb55a7893fd70c0cbb0070
      size: 1104
  lint:
    cmd:
    - pylint gen.py tests.py
    - pre-commit run --all
    deps:
    - path: gen.py
      md5: 51343fbc02c5d3b8e06194153a4812e3
      size: 8087
    - path: tests.py
      md5: ac4774d0d7fb55a7893fd70c0cbb0070
      size: 1104
